
Microsoft Visual Studio Solution File, Format Version 12.00
# Visual Studio Version 17
VisualStudioVersion = 17.8.34330.188
MinimumVisualStudioVersion = 10.0.40219.1
Project("{8BC9CEB8-8B4A-11D0-8D11-00A0C91BC942}") = "signed-distance", "signed-distance\signed-distance.vcxproj", "{42309DBC-C107-4F63-A820-6610021F400D}"
EndProject
Project("{8BC9CEB8-8B4A-11D0-8D11-00A0C91BC942}") = "glyphrun-rendered", "glyphrun-rendered\glyphrun-rendered.vcxproj", "{948F6419-FECE-4345-B280-6C886E04F4AC}"
EndProject
Global
	GlobalSection(SolutionConfigurationPlatforms) = preSolution
		Debug|x64 = Debug|x64
		Debug|x86 = Debug|x86
		Release|x64 = Release|x64
		Release|x86 = Release|x86
	EndGlobalSection
	GlobalSection(ProjectConfigurationPlatforms) = postSolution
		{42309DBC-C107-4F63-A820-6610021F400D}.Debug|x64.ActiveCfg = Debug|x64
		{42309DBC-C107-4F63-A820-6610021F400D}.Debug|x64.Build.0 = Debug|x64
		{42309DBC-C107-4F63-A820-6610021F400D}.Debug|x86.ActiveCfg = Debug|Win32
		{42309DBC-C107-4F63-A820-6610021F400D}.Debug|x86.Build.0 = Debug|Win32
		{42309DBC-C107-4F63-A820-6610021F400D}.Release|x64.ActiveCfg = Release|x64
		{42309DBC-C107-4F63-A820-6610021F400D}.Release|x64.Build.0 = Release|x64
		{42309DBC-C107-4F63-A820-6610021F400D}.Release|x86.ActiveCfg = Release|Win32
		{42309DBC-C107-4F63-A820-6610021F400D}.Release|x86.Build.0 = Release|Win32
		{948F6419-FECE-4345-B280-6C886E04F4AC}.Debug|x64.ActiveCfg = Debug|x64
		{948F6419-FECE-4345-B280-6C886E04F4AC}.Debug|x64.Build.0 = Debug|x64
		{948F6419-FECE-4345-B280-6C886E04F4AC}.Debug|x86.ActiveCfg = Debug|Win32
		{948F6419-FECE-4345-B280-6C886E04F4AC}.Debug|x86.Build.0 = Debug|Win32
		{948F6419-FECE-4345-B280-6C886E04F4AC}.Release|x64.ActiveCfg = Release|x64
		{948F6419-FECE-4345-B280-6C886E04F4AC}.Release|x64.Build.0 = Release|x64
		{948F6419-FECE-4345-B280-6C886E04F4AC}.Release|x86.ActiveCfg = Release|Win32
		{948F6419-FECE-4345-B280-6C886E04F4AC}.Release|x86.Build.0 = Release|Win32
	EndGlobalSection
	GlobalSection(SolutionProperties) = preSolution
		HideSolutionNode = FALSE
	EndGlobalSection
	GlobalSection(ExtensibilityGlobals) = postSolution
		SolutionGuid = {C3067789-1AB9-409A-9607-1C75ECD3ED9A}
	EndGlobalSection
EndGlobal
